
Microsoft Visual Studio Solution File, Format Version 12.00
# Visual Studio Version 17
VisualStudioVersion = 17.5.33516.290
MinimumVisualStudioVersion = 10.0.40219.1
Project("{2150E333-8FDC-42A3-9474-1A3956D46DE8}") = "9.App", "9.App", "{9C52D39C-A85B-4D5E-B29C-724D6566AB04}"
EndProject
Project("{2150E333-8FDC-42A3-9474-1A3956D46DE8}") = "1.Core", "1.Core", "{B3F41F4C-3681-48F3-9BE3-809763AC1937}"
EndProject
Project("{9A19103F-16F7-4668-BE54-9A1E7A4F7556}") = "CoreCms.Net.Web.Admin", "CoreCms.Net.Web.Admin\CoreCms.Net.Web.Admin.csproj", "{95487EF2-3942-4F9B-8ECE-ACD7A4B304D9}"
EndProject
Project("{9A19103F-16F7-4668-BE54-9A1E7A4F7556}") = "CoreCms.Net.Web.WebApi", "CoreCms.Net.Web.WebApi\CoreCms.Net.Web.WebApi.csproj", "{CC504B7B-C4E1-4B0D-AAA8-E090E286F850}"
EndProject
Project("{9A19103F-16F7-4668-BE54-9A1E7A4F7556}") = "CoreCms.Net.Auth", "CoreCms.Net.Auth\CoreCms.Net.Auth.csproj", "{F776B535-7988-452B-AF14-5DC9B7D6E95D}"
EndProject
Project("{9A19103F-16F7-4668-BE54-9A1E7A4F7556}") = "CoreCms.Net.Configuration", "CoreCms.Net.Configuration\CoreCms.Net.Configuration.csproj", "{A0190A24-7FC7-4899-9058-7918710BBD48}"
EndProject
Project("{9A19103F-16F7-4668-BE54-9A1E7A4F7556}") = "CoreCms.Net.Caching", "CoreCms.Net.Caching\CoreCms.Net.Caching.csproj", "{88E819DF-7842-4905-93C2-FD4EA3F6055C}"
EndProject
Project("{9A19103F-16F7-4668-BE54-9A1E7A4F7556}") = "CoreCms.Net.Utility", "CoreCms.Net.Utility\CoreCms.Net.Utility.csproj", "{94E432FF-588B-4A0B-9426-55B0245C71BC}"
EndProject
Project("{9A19103F-16F7-4668-BE54-9A1E7A4F7556}") = "CoreCms.Net.CodeGenerator", "CoreCms.Net.CodeGenerator\CoreCms.Net.CodeGenerator.csproj", "{AFA64CAC-D2D0-409A-A6C4-821F40046BEA}"
EndProject
Project("{9A19103F-16F7-4668-BE54-9A1E7A4F7556}") = "CoreCms.Net.Middlewares", "CoreCms.Net.Middlewares\CoreCms.Net.Middlewares.csproj", "{9BD16C11-00BB-454C-A956-6CCDE4BF3D9A}"
EndProject
Project("{9A19103F-16F7-4668-BE54-9A1E7A4F7556}") = "CoreCms.Net.Mapping", "CoreCms.Net.Mapping\CoreCms.Net.Mapping.csproj", "{64253026-17FC-4F9A-AB1A-CD55FD4861C4}"
EndProject
Project("{9A19103F-16F7-4668-BE54-9A1E7A4F7556}") = "CoreCms.Net.Core", "CoreCms.Net.Core\CoreCms.Net.Core.csproj", "{29DD90C6-B558-449E-BAF2-3087097EA30A}"
EndProject
Project("{9A19103F-16F7-4668-BE54-9A1E7A4F7556}") = "CoreCms.Net.Loging", "CoreCms.Net.Loging\CoreCms.Net.Loging.csproj", "{BA4FC3CE-8EC1-450C-AF49-6C6B8488B915}"
EndProject
Project("{9A19103F-16F7-4668-BE54-9A1E7A4F7556}") = "CoreCms.Net.Swagger", "CoreCms.Net.Swagger\CoreCms.Net.Swagger.csproj", "{BF55B229-0D3A-42D8-A64E-32447B5F9039}"
EndProject
Project("{9A19103F-16F7-4668-BE54-9A1E7A4F7556}") = "CoreCms.Net.Filter", "CoreCms.Net.Filter\CoreCms.Net.Filter.csproj", "{FBD12796-2830-45FA-9103-59E31F69C39C}"
EndProject
Project("{9A19103F-16F7-4668-BE54-9A1E7A4F7556}") = "CoreCms.Net.Model", "CoreCms.Net.Model\CoreCms.Net.Model.csproj", "{D6C359F6-D588-4296-947D-F48DBE0D731D}"
EndProject
Project("{2150E333-8FDC-42A3-9474-1A3956D46DE8}") = "4.Repository", "4.Repository", "{CF5DC415-A74F-42F9-92B9-187E86387485}"
EndProject
Project("{9A19103F-16F7-4668-BE54-9A1E7A4F7556}") = "CoreCms.Net.IRepository", "CoreCms.Net.IRepository\CoreCms.Net.IRepository.csproj", "{3FFAF0BB-9914-4901-BD5D-37E235F5A3D6}"
EndProject
Project("{9A19103F-16F7-4668-BE54-9A1E7A4F7556}") = "CoreCms.Net.Repository", "CoreCms.Net.Repository\CoreCms.Net.Repository.csproj", "{D68D3A27-4AF6-463D-8EFE-A6A41F05DF7C}"
EndProject
Project("{2150E333-8FDC-42A3-9474-1A3956D46DE8}") = "3.Services", "3.Services", "{82634406-6F43-4E90-B57D-5C7AC3DAFF11}"
EndProject
Project("{9A19103F-16F7-4668-BE54-9A1E7A4F7556}") = "CoreCms.Net.Services", "CoreCms.Net.Services\CoreCms.Net.Services.csproj", "{57648B11-317A-4FE1-BFDB-1FDEAE5DFFDE}"
EndProject
Project("{9A19103F-16F7-4668-BE54-9A1E7A4F7556}") = "CoreCms.Net.IServices", "CoreCms.Net.IServices\CoreCms.Net.IServices.csproj", "{0E024CA5-FCE6-48A7-8209-201FF2D9237E}"
EndProject
Project("{2150E333-8FDC-42A3-9474-1A3956D46DE8}") = "2.Entity", "2.Entity", "{CA1C3EDD-146A-4968-9E25-8FB393DA1D2E}"
EndProject
Project("{9A19103F-16F7-4668-BE54-9A1E7A4F7556}") = "CoreCms.Net.Task", "CoreCms.Net.Task\CoreCms.Net.Task.csproj", "{7043B7B2-6496-4FCB-A230-1EBC5E11B91C}"
EndProject
Project("{9A19103F-16F7-4668-BE54-9A1E7A4F7556}") = "CoreCms.Net.Uni-App", "CoreCms.Net.Uni-App\CoreCms.Net.Uni-App.csproj", "{C9E6388D-A70F-48BF-8935-8E571BD3DF6B}"
EndProject
Project("{9A19103F-16F7-4668-BE54-9A1E7A4F7556}") = "CoreCms.Net.RedisMQ", "CoreCms.Net.RedisMQ\CoreCms.Net.RedisMQ.csproj", "{927E68B4-92D1-4F66-B137-87804055DE93}"
EndProject
Project("{2150E333-8FDC-42A3-9474-1A3956D46DE8}") = "5.WeChat", "5.WeChat", "{FD17E974-7FED-49C6-B9C9-90C8AE4849B7}"
EndProject
Project("{9A19103F-16F7-4668-BE54-9A1E7A4F7556}") = "CoreCms.Net.WeChat.Service", "CoreCms.Net.WeChat.Service\CoreCms.Net.WeChat.Service.csproj", "{7CB698AD-DECF-43B9-A01A-E5E1E5738BAA}"
EndProject
Global
	GlobalSection(SolutionConfigurationPlatforms) = preSolution
		Debug|Any CPU = Debug|Any CPU
		Release|Any CPU = Release|Any CPU
	EndGlobalSection
	GlobalSection(ProjectConfigurationPlatforms) = postSolution
		{95487EF2-3942-4F9B-8ECE-ACD7A4B304D9}.Debug|Any CPU.ActiveCfg = Debug|Any CPU
		{95487EF2-3942-4F9B-8ECE-ACD7A4B304D9}.Debug|Any CPU.Build.0 = Debug|Any CPU
		{95487EF2-3942-4F9B-8ECE-ACD7A4B304D9}.Release|Any CPU.ActiveCfg = Release|Any CPU
		{95487EF2-3942-4F9B-8ECE-ACD7A4B304D9}.Release|Any CPU.Build.0 = Release|Any CPU
		{CC504B7B-C4E1-4B0D-AAA8-E090E286F850}.Debug|Any CPU.ActiveCfg = Debug|Any CPU
		{CC504B7B-C4E1-4B0D-AAA8-E090E286F850}.Debug|Any CPU.Build.0 = Debug|Any CPU
		{CC504B7B-C4E1-4B0D-AAA8-E090E286F850}.Release|Any CPU.ActiveCfg = Release|Any CPU
		{CC504B7B-C4E1-4B0D-AAA8-E090E286F850}.Release|Any CPU.Build.0 = Release|Any CPU
		{F776B535-7988-452B-AF14-5DC9B7D6E95D}.Debug|Any CPU.ActiveCfg = Debug|Any CPU
		{F776B535-7988-452B-AF14-5DC9B7D6E95D}.Debug|Any CPU.Build.0 = Debug|Any CPU
		{F776B535-7988-452B-AF14-5DC9B7D6E95D}.Release|Any CPU.ActiveCfg = Release|Any CPU
		{F776B535-7988-452B-AF14-5DC9B7D6E95D}.Release|Any CPU.Build.0 = Release|Any CPU
		{A0190A24-7FC7-4899-9058-7918710BBD48}.Debug|Any CPU.ActiveCfg = Debug|Any CPU
		{A0190A24-7FC7-4899-9058-7918710BBD48}.Debug|Any CPU.Build.0 = Debug|Any CPU
		{A0190A24-7FC7-4899-9058-7918710BBD48}.Release|Any CPU.ActiveCfg = Release|Any CPU
		{A0190A24-7FC7-4899-9058-7918710BBD48}.Release|Any CPU.Build.0 = Release|Any CPU
		{88E819DF-7842-4905-93C2-FD4EA3F6055C}.Debug|Any CPU.ActiveCfg = Debug|Any CPU
		{88E819DF-7842-4905-93C2-FD4EA3F6055C}.Debug|Any CPU.Build.0 = Debug|Any CPU
		{88E819DF-7842-4905-93C2-FD4EA3F6055C}.Release|Any CPU.ActiveCfg = Release|Any CPU
		{88E819DF-7842-4905-93C2-FD4EA3F6055C}.Release|Any CPU.Build.0 = Release|Any CPU
		{94E432FF-588B-4A0B-9426-55B0245C71BC}.Debug|Any CPU.ActiveCfg = Debug|Any CPU
		{94E432FF-588B-4A0B-9426-55B0245C71BC}.Debug|Any CPU.Build.0 = Debug|Any CPU
		{94E432FF-588B-4A0B-9426-55B0245C71BC}.Release|Any CPU.ActiveCfg = Release|Any CPU
		{94E432FF-588B-4A0B-9426-55B0245C71BC}.Release|Any CPU.Build.0 = Release|Any CPU
		{AFA64CAC-D2D0-409A-A6C4-821F40046BEA}.Debug|Any CPU.ActiveCfg = Debug|Any CPU
		{AFA64CAC-D2D0-409A-A6C4-821F40046BEA}.Debug|Any CPU.Build.0 = Debug|Any CPU
		{AFA64CAC-D2D0-409A-A6C4-821F40046BEA}.Release|Any CPU.ActiveCfg = Release|Any CPU
		{AFA64CAC-D2D0-409A-A6C4-821F40046BEA}.Release|Any CPU.Build.0 = Release|Any CPU
		{9BD16C11-00BB-454C-A956-6CCDE4BF3D9A}.Debug|Any CPU.ActiveCfg = Debug|Any CPU
		{9BD16C11-00BB-454C-A956-6CCDE4BF3D9A}.Debug|Any CPU.Build.0 = Debug|Any CPU
		{9BD16C11-00BB-454C-A956-6CCDE4BF3D9A}.Release|Any CPU.ActiveCfg = Release|Any CPU
		{9BD16C11-00BB-454C-A956-6CCDE4BF3D9A}.Release|Any CPU.Build.0 = Release|Any CPU
		{64253026-17FC-4F9A-AB1A-CD55FD4861C4}.Debug|Any CPU.ActiveCfg = Debug|Any CPU
		{64253026-17FC-4F9A-AB1A-CD55FD4861C4}.Debug|Any CPU.Build.0 = Debug|Any CPU
		{64253026-17FC-4F9A-AB1A-CD55FD4861C4}.Release|Any CPU.ActiveCfg = Release|Any CPU
		{64253026-17FC-4F9A-AB1A-CD55FD4861C4}.Release|Any CPU.Build.0 = Release|Any CPU
		{29DD90C6-B558-449E-BAF2-3087097EA30A}.Debug|Any CPU.ActiveCfg = Debug|Any CPU
		{29DD90C6-B558-449E-BAF2-3087097EA30A}.Debug|Any CPU.Build.0 = Debug|Any CPU
		{29DD90C6-B558-449E-BAF2-3087097EA30A}.Release|Any CPU.ActiveCfg = Release|Any CPU
		{29DD90C6-B558-449E-BAF2-3087097EA30A}.Release|Any CPU.Build.0 = Release|Any CPU
		{BA4FC3CE-8EC1-450C-AF49-6C6B8488B915}.Debug|Any CPU.ActiveCfg = Debug|Any CPU
		{BA4FC3CE-8EC1-450C-AF49-6C6B8488B915}.Debug|Any CPU.Build.0 = Debug|Any CPU
		{BA4FC3CE-8EC1-450C-AF49-6C6B8488B915}.Release|Any CPU.ActiveCfg = Release|Any CPU
		{BA4FC3CE-8EC1-450C-AF49-6C6B8488B915}.Release|Any CPU.Build.0 = Release|Any CPU
		{BF55B229-0D3A-42D8-A64E-32447B5F9039}.Debug|Any CPU.ActiveCfg = Debug|Any CPU
		{BF55B229-0D3A-42D8-A64E-32447B5F9039}.Debug|Any CPU.Build.0 = Debug|Any CPU
		{BF55B229-0D3A-42D8-A64E-32447B5F9039}.Release|Any CPU.ActiveCfg = Release|Any CPU
		{BF55B229-0D3A-42D8-A64E-32447B5F9039}.Release|Any CPU.Build.0 = Release|Any CPU
		{FBD12796-2830-45FA-9103-59E31F69C39C}.Debug|Any CPU.ActiveCfg = Debug|Any CPU
		{FBD12796-2830-45FA-9103-59E31F69C39C}.Debug|Any CPU.Build.0 = Debug|Any CPU
		{FBD12796-2830-45FA-9103-59E31F69C39C}.Release|Any CPU.ActiveCfg = Release|Any CPU
		{FBD12796-2830-45FA-9103-59E31F69C39C}.Release|Any CPU.Build.0 = Release|Any CPU
		{D6C359F6-D588-4296-947D-F48DBE0D731D}.Debug|Any CPU.ActiveCfg = Debug|Any CPU
		{D6C359F6-D588-4296-947D-F48DBE0D731D}.Debug|Any CPU.Build.0 = Debug|Any CPU
		{D6C359F6-D588-4296-947D-F48DBE0D731D}.Release|Any CPU.ActiveCfg = Release|Any CPU
		{D6C359F6-D588-4296-947D-F48DBE0D731D}.Release|Any CPU.Build.0 = Release|Any CPU
		{3FFAF0BB-9914-4901-BD5D-37E235F5A3D6}.Debug|Any CPU.ActiveCfg = Debug|Any CPU
		{3FFAF0BB-9914-4901-BD5D-37E235F5A3D6}.Debug|Any CPU.Build.0 = Debug|Any CPU
		{3FFAF0BB-9914-4901-BD5D-37E235F5A3D6}.Release|Any CPU.ActiveCfg = Release|Any CPU
		{3FFAF0BB-9914-4901-BD5D-37E235F5A3D6}.Release|Any CPU.Build.0 = Release|Any CPU
		{D68D3A27-4AF6-463D-8EFE-A6A41F05DF7C}.Debug|Any CPU.ActiveCfg = Debug|Any CPU
		{D68D3A27-4AF6-463D-8EFE-A6A41F05DF7C}.Debug|Any CPU.Build.0 = Debug|Any CPU
		{D68D3A27-4AF6-463D-8EFE-A6A41F05DF7C}.Release|Any CPU.ActiveCfg = Release|Any CPU
		{D68D3A27-4AF6-463D-8EFE-A6A41F05DF7C}.Release|Any CPU.Build.0 = Release|Any CPU
		{57648B11-317A-4FE1-BFDB-1FDEAE5DFFDE}.Debug|Any CPU.ActiveCfg = Debug|Any CPU
		{57648B11-317A-4FE1-BFDB-1FDEAE5DFFDE}.Debug|Any CPU.Build.0 = Debug|Any CPU
		{57648B11-317A-4FE1-BFDB-1FDEAE5DFFDE}.Release|Any CPU.ActiveCfg = Release|Any CPU
		{57648B11-317A-4FE1-BFDB-1FDEAE5DFFDE}.Release|Any CPU.Build.0 = Release|Any CPU
		{0E024CA5-FCE6-48A7-8209-201FF2D9237E}.Debug|Any CPU.ActiveCfg = Debug|Any CPU
		{0E024CA5-FCE6-48A7-8209-201FF2D9237E}.Debug|Any CPU.Build.0 = Debug|Any CPU
		{0E024CA5-FCE6-48A7-8209-201FF2D9237E}.Release|Any CPU.ActiveCfg = Release|Any CPU
		{0E024CA5-FCE6-48A7-8209-201FF2D9237E}.Release|Any CPU.Build.0 = Release|Any CPU
		{7043B7B2-6496-4FCB-A230-1EBC5E11B91C}.Debug|Any CPU.ActiveCfg = Debug|Any CPU
		{7043B7B2-6496-4FCB-A230-1EBC5E11B91C}.Debug|Any CPU.Build.0 = Debug|Any CPU
		{7043B7B2-6496-4FCB-A230-1EBC5E11B91C}.Release|Any CPU.ActiveCfg = Release|Any CPU
		{7043B7B2-6496-4FCB-A230-1EBC5E11B91C}.Release|Any CPU.Build.0 = Release|Any CPU
		{C9E6388D-A70F-48BF-8935-8E571BD3DF6B}.Debug|Any CPU.ActiveCfg = Debug|Any CPU
		{C9E6388D-A70F-48BF-8935-8E571BD3DF6B}.Debug|Any CPU.Build.0 = Debug|Any CPU
		{C9E6388D-A70F-48BF-8935-8E571BD3DF6B}.Release|Any CPU.ActiveCfg = Release|Any CPU
		{C9E6388D-A70F-48BF-8935-8E571BD3DF6B}.Release|Any CPU.Build.0 = Release|Any CPU
		{927E68B4-92D1-4F66-B137-87804055DE93}.Debug|Any CPU.ActiveCfg = Debug|Any CPU
		{927E68B4-92D1-4F66-B137-87804055DE93}.Debug|Any CPU.Build.0 = Debug|Any CPU
		{927E68B4-92D1-4F66-B137-87804055DE93}.Release|Any CPU.ActiveCfg = Release|Any CPU
		{927E68B4-92D1-4F66-B137-87804055DE93}.Release|Any CPU.Build.0 = Release|Any CPU
		{7CB698AD-DECF-43B9-A01A-E5E1E5738BAA}.Debug|Any CPU.ActiveCfg = Debug|Any CPU
		{7CB698AD-DECF-43B9-A01A-E5E1E5738BAA}.Debug|Any CPU.Build.0 = Debug|Any CPU
		{7CB698AD-DECF-43B9-A01A-E5E1E5738BAA}.Release|Any CPU.ActiveCfg = Release|Any CPU
		{7CB698AD-DECF-43B9-A01A-E5E1E5738BAA}.Release|Any CPU.Build.0 = Release|Any CPU
	EndGlobalSection
	GlobalSection(SolutionProperties) = preSolution
		HideSolutionNode = FALSE
	EndGlobalSection
	GlobalSection(NestedProjects) = preSolution
		{95487EF2-3942-4F9B-8ECE-ACD7A4B304D9} = {9C52D39C-A85B-4D5E-B29C-724D6566AB04}
		{CC504B7B-C4E1-4B0D-AAA8-E090E286F850} = {9C52D39C-A85B-4D5E-B29C-724D6566AB04}
		{F776B535-7988-452B-AF14-5DC9B7D6E95D} = {B3F41F4C-3681-48F3-9BE3-809763AC1937}
		{A0190A24-7FC7-4899-9058-7918710BBD48} = {B3F41F4C-3681-48F3-9BE3-809763AC1937}
		{88E819DF-7842-4905-93C2-FD4EA3F6055C} = {B3F41F4C-3681-48F3-9BE3-809763AC1937}
		{94E432FF-588B-4A0B-9426-55B0245C71BC} = {B3F41F4C-3681-48F3-9BE3-809763AC1937}
		{AFA64CAC-D2D0-409A-A6C4-821F40046BEA} = {B3F41F4C-3681-48F3-9BE3-809763AC1937}
		{9BD16C11-00BB-454C-A956-6CCDE4BF3D9A} = {B3F41F4C-3681-48F3-9BE3-809763AC1937}
		{64253026-17FC-4F9A-AB1A-CD55FD4861C4} = {B3F41F4C-3681-48F3-9BE3-809763AC1937}
		{29DD90C6-B558-449E-BAF2-3087097EA30A} = {B3F41F4C-3681-48F3-9BE3-809763AC1937}
		{BA4FC3CE-8EC1-450C-AF49-6C6B8488B915} = {B3F41F4C-3681-48F3-9BE3-809763AC1937}
		{BF55B229-0D3A-42D8-A64E-32447B5F9039} = {B3F41F4C-3681-48F3-9BE3-809763AC1937}
		{FBD12796-2830-45FA-9103-59E31F69C39C} = {B3F41F4C-3681-48F3-9BE3-809763AC1937}
		{D6C359F6-D588-4296-947D-F48DBE0D731D} = {CA1C3EDD-146A-4968-9E25-8FB393DA1D2E}
		{3FFAF0BB-9914-4901-BD5D-37E235F5A3D6} = {CF5DC415-A74F-42F9-92B9-187E86387485}
		{D68D3A27-4AF6-463D-8EFE-A6A41F05DF7C} = {CF5DC415-A74F-42F9-92B9-187E86387485}
		{57648B11-317A-4FE1-BFDB-1FDEAE5DFFDE} = {82634406-6F43-4E90-B57D-5C7AC3DAFF11}
		{0E024CA5-FCE6-48A7-8209-201FF2D9237E} = {82634406-6F43-4E90-B57D-5C7AC3DAFF11}
		{7043B7B2-6496-4FCB-A230-1EBC5E11B91C} = {B3F41F4C-3681-48F3-9BE3-809763AC1937}
		{C9E6388D-A70F-48BF-8935-8E571BD3DF6B} = {9C52D39C-A85B-4D5E-B29C-724D6566AB04}
		{927E68B4-92D1-4F66-B137-87804055DE93} = {B3F41F4C-3681-48F3-9BE3-809763AC1937}
		{7CB698AD-DECF-43B9-A01A-E5E1E5738BAA} = {FD17E974-7FED-49C6-B9C9-90C8AE4849B7}
	EndGlobalSection
	GlobalSection(ExtensibilityGlobals) = postSolution
		SolutionGuid = {A325D634-06E7-4F4E-BA15-AB3E14622FF1}
	EndGlobalSection
EndGlobal
